
Microsoft Visual Studio Solution File, Format Version 12.00
Project("{FAE04EC0-301F-11D3-BF4B-00C04F79EFBC}") = "awstaghelper", "awstaghelper\awstaghelper.csproj", "{F22A0137-B5D8-40A6-9E23-28D24E3AA505}"
EndProject
Project("{FAE04EC0-301F-11D3-BF4B-00C04F79EFBC}") = "Services", "Services\Services.csproj", "{53C94042-5E74-410F-B6C5-B34A58500337}"
EndProject
Project("{FAE04EC0-301F-11D3-BF4B-00C04F79EFBC}") = "CsvLibrary", "CsvLibrary\CsvLibrary.csproj", "{66C24A37-38EE-4340-AACC-20C774EB6E1C}"
EndProject
Global
	GlobalSection(SolutionConfigurationPlatforms) = preSolution
		Debug|Any CPU = Debug|Any CPU
		Release|Any CPU = Release|Any CPU
	EndGlobalSection
	GlobalSection(ProjectConfigurationPlatforms) = postSolution
		{F22A0137-B5D8-40A6-9E23-28D24E3AA505}.Debug|Any CPU.ActiveCfg = Debug|Any CPU
		{F22A0137-B5D8-40A6-9E23-28D24E3AA505}.Debug|Any CPU.Build.0 = Debug|Any CPU
		{F22A0137-B5D8-40A6-9E23-28D24E3AA505}.Release|Any CPU.ActiveCfg = Release|Any CPU
		{F22A0137-B5D8-40A6-9E23-28D24E3AA505}.Release|Any CPU.Build.0 = Release|Any CPU
		{53C94042-5E74-410F-B6C5-B34A58500337}.Debug|Any CPU.ActiveCfg = Debug|Any CPU
		{53C94042-5E74-410F-B6C5-B34A58500337}.Debug|Any CPU.Build.0 = Debug|Any CPU
		{53C94042-5E74-410F-B6C5-B34A58500337}.Release|Any CPU.ActiveCfg = Release|Any CPU
		{53C94042-5E74-410F-B6C5-B34A58500337}.Release|Any CPU.Build.0 = Release|Any CPU
		{66C24A37-38EE-4340-AACC-20C774EB6E1C}.Debug|Any CPU.ActiveCfg = Debug|Any CPU
		{66C24A37-38EE-4340-AACC-20C774EB6E1C}.Debug|Any CPU.Build.0 = Debug|Any CPU
		{66C24A37-38EE-4340-AACC-20C774EB6E1C}.Release|Any CPU.ActiveCfg = Release|Any CPU
		{66C24A37-38EE-4340-AACC-20C774EB6E1C}.Release|Any CPU.Build.0 = Release|Any CPU
	EndGlobalSection
EndGlobal
